
Microsoft Visual Studio Solution File, Format Version 12.00
# Visual Studio Version 16
VisualStudioVersion = 25.0.1706.7
MinimumVisualStudioVersion = 10.0.40219.1
Project("{FAE04EC0-301F-11D3-BF4B-00C04F79EFBC}") = "Oat 2 POO", "Oat 2 POO\Oat 2 POO.csproj", "{4D0D7768-3D21-43C8-BD55-414784D2C103}"
EndProject
Global
	GlobalSection(SolutionConfigurationPlatforms) = preSolution
		Debug|Any CPU = Debug|Any CPU
		Release|Any CPU = Release|Any CPU
	EndGlobalSection
	GlobalSection(ProjectConfigurationPlatforms) = postSolution
		{4D0D7768-3D21-43C8-BD55-414784D2C103}.Debug|Any CPU.ActiveCfg = Debug|Any CPU
		{4D0D7768-3D21-43C8-BD55-414784D2C103}.Debug|Any CPU.Build.0 = Debug|Any CPU
		{4D0D7768-3D21-43C8-BD55-414784D2C103}.Release|Any CPU.ActiveCfg = Release|Any CPU
		{4D0D7768-3D21-43C8-BD55-414784D2C103}.Release|Any CPU.Build.0 = Release|Any CPU
	EndGlobalSection
	GlobalSection(SolutionProperties) = preSolution
		HideSolutionNode = FALSE
	EndGlobalSection
	GlobalSection(ExtensibilityGlobals) = postSolution
		SolutionGuid = {0B82D8F0-8A7C-4627-9614-29193D8C8F51}
	EndGlobalSection
EndGlobal
